Microsoft Visual Studio Solution File, Format Version 12.00
# Visual Studio Version 16
VisualStudioVersion = 16.0.29806.167
MinimumVisualStudioVersion = 10.0.40219.1
Project("{9A19103F-16F7-4668-BE54-9A1E7A4F7556}") = "Isat.TaskA", "Isat.TaskA\Isat.TaskA.csproj", "{6968DAEC-4192-41CF-8A1C-10AEA21EA6FC}"
EndProject
Project("{888888A0-9F3D-457C-B088-3A5042F75D52}") = "Isat.TaskB.Python", "Isat.TaskB.Python\Isat.TaskB.Python.pyproj", "{492C7B07-C6B6-4F74-9BF4-0C5E6407B76F}"
EndProject
Project("{9A19103F-16F7-4668-BE54-9A1E7A4F7556}") = "Isat.TaskB", "Isat.TaskB\Isat.TaskB.csproj", "{0B6FD7FD-67CF-433E-A100-3D58106B62C2}"
EndProject
Project("{9A19103F-16F7-4668-BE54-9A1E7A4F7556}") = "Isat.TaskC", "Isat.TaskC\Isat.TaskC.csproj", "{5FBE8934-53EF-435A-B2E9-11729EDE563F}"
EndProject
Project("{9A19103F-16F7-4668-BE54-9A1E7A4F7556}") = "Isat.Lab1", "Isat.Lab1\Isat.Lab1.csproj", "{E8377695-1CB8-433F-ADDC-B43D24941406}"
EndProject
Project("{9A19103F-16F7-4668-BE54-9A1E7A4F7556}") = "Isat.TaskD", "Isat.TaskD\Isat.TaskD.csproj", "{3A13277F-53A6-429D-A1FA-81DDDE68916A}"
EndProject
Project("{888888A0-9F3D-457C-B088-3A5042F75D52}") = "Isat.Lab2", "Isat.Lab2\Isat.Lab2.pyproj", "{1AD49853-9F2E-4F39-8E10-EF5D1B9D5A9B}"
EndProject
Project("{888888A0-9F3D-457C-B088-3A5042F75D52}") = "Isat.Lab3", "Isat.Lab3\Isat.Lab3.pyproj", "{1E055094-F360-4FB2-B00F-F8C7663A7B15}"
EndProject
Project("{888888A0-9F3D-457C-B088-3A5042F75D52}") = "Isat.Lab4", "Isat.Lab4\Isat.Lab4.pyproj", "{08D09AB5-0C56-4CB9-BD51-B90DA00B3064}"
EndProject
Project("{888888A0-9F3D-457C-B088-3A5042F75D52}") = "Isat.Lab5", "Isat.Lab5\Isat.Lab5.pyproj", "{B83CB5DF-6ECC-4EDA-9862-A581089C6AB3}"
EndProject
Project("{888888A0-9F3D-457C-B088-3A5042F75D52}") = "Isat.Lab6", "Isat.Lab6\Isat.Lab6.pyproj", "{7AD5037C-9AC2-42FF-968C-EB6A7FFF10DC}"
EndProject
Global
	GlobalSection(SolutionConfigurationPlatforms) = preSolution
		Debug|Any CPU = Debug|Any CPU
		Release|Any CPU = Release|Any CPU
	EndGlobalSection
	GlobalSection(ProjectConfigurationPlatforms) = postSolution
		{6968DAEC-4192-41CF-8A1C-10AEA21EA6FC}.Debug|Any CPU.ActiveCfg = Debug|Any CPU
		{6968DAEC-4192-41CF-8A1C-10AEA21EA6FC}.Debug|Any CPU.Build.0 = Debug|Any CPU
		{6968DAEC-4192-41CF-8A1C-10AEA21EA6FC}.Release|Any CPU.ActiveCfg = Release|Any CPU
		{6968DAEC-4192-41CF-8A1C-10AEA21EA6FC}.Release|Any CPU.Build.0 = Release|Any CPU
		{492C7B07-C6B6-4F74-9BF4-0C5E6407B76F}.Debug|Any CPU.ActiveCfg = Debug|Any CPU
		{492C7B07-C6B6-4F74-9BF4-0C5E6407B76F}.Release|Any CPU.ActiveCfg = Release|Any CPU
		{0B6FD7FD-67CF-433E-A100-3D58106B62C2}.Debug|Any CPU.ActiveCfg = Debug|Any CPU
		{0B6FD7FD-67CF-433E-A100-3D58106B62C2}.Debug|Any CPU.Build.0 = Debug|Any CPU
		{0B6FD7FD-67CF-433E-A100-3D58106B62C2}.Release|Any CPU.ActiveCfg = Release|Any CPU
		{0B6FD7FD-67CF-433E-A100-3D58106B62C2}.Release|Any CPU.Build.0 = Release|Any CPU
		{5FBE8934-53EF-435A-B2E9-11729EDE563F}.Debug|Any CPU.ActiveCfg = Debug|Any CPU
		{5FBE8934-53EF-435A-B2E9-11729EDE563F}.Debug|Any CPU.Build.0 = Debug|Any CPU
		{5FBE8934-53EF-435A-B2E9-11729EDE563F}.Release|Any CPU.ActiveCfg = Release|Any CPU
		{5FBE8934-53EF-435A-B2E9-11729EDE563F}.Release|Any CPU.Build.0 = Release|Any CPU
		{E8377695-1CB8-433F-ADDC-B43D24941406}.Debug|Any CPU.ActiveCfg = Debug|Any CPU
		{E8377695-1CB8-433F-ADDC-B43D24941406}.Debug|Any CPU.Build.0 = Debug|Any CPU
		{E8377695-1CB8-433F-ADDC-B43D24941406}.Release|Any CPU.ActiveCfg = Release|Any CPU
		{E8377695-1CB8-433F-ADDC-B43D24941406}.Release|Any CPU.Build.0 = Release|Any CPU
		{3A13277F-53A6-429D-A1FA-81DDDE68916A}.Debug|Any CPU.ActiveCfg = Debug|Any CPU
		{3A13277F-53A6-429D-A1FA-81DDDE68916A}.Debug|Any CPU.Build.0 = Debug|Any CPU
		{3A13277F-53A6-429D-A1FA-81DDDE68916A}.Release|Any CPU.ActiveCfg = Release|Any CPU
		{3A13277F-53A6-429D-A1FA-81DDDE68916A}.Release|Any CPU.Build.0 = Release|Any CPU
		{1AD49853-9F2E-4F39-8E10-EF5D1B9D5A9B}.Debug|Any CPU.ActiveCfg = Debug|Any CPU
		{1AD49853-9F2E-4F39-8E10-EF5D1B9D5A9B}.Release|Any CPU.ActiveCfg = Release|Any CPU
		{1E055094-F360-4FB2-B00F-F8C7663A7B15}.Debug|Any CPU.ActiveCfg = Debug|Any CPU
		{1E055094-F360-4FB2-B00F-F8C7663A7B15}.Release|Any CPU.ActiveCfg = Release|Any CPU
		{08D09AB5-0C56-4CB9-BD51-B90DA00B3064}.Debug|Any CPU.ActiveCfg = Debug|Any CPU
		{08D09AB5-0C56-4CB9-BD51-B90DA00B3064}.Release|Any CPU.ActiveCfg = Release|Any CPU
		{B83CB5DF-6ECC-4EDA-9862-A581089C6AB3}.Debug|Any CPU.ActiveCfg = Debug|Any CPU
		{B83CB5DF-6ECC-4EDA-9862-A581089C6AB3}.Release|Any CPU.ActiveCfg = Release|Any CPU
		{7AD5037C-9AC2-42FF-968C-EB6A7FFF10DC}.Debug|Any CPU.ActiveCfg = Debug|Any CPU
		{7AD5037C-9AC2-42FF-968C-EB6A7FFF10DC}.Release|Any CPU.ActiveCfg = Release|Any CPU
	EndGlobalSection
	GlobalSection(SolutionProperties) = preSolution
		HideSolutionNode = FALSE
	EndGlobalSection
	GlobalSection(ExtensibilityGlobals) = postSolution
		SolutionGuid = {9A4B0D0C-CD19-4503-9DD5-120301B75BD1}
	EndGlobalSection
EndGlobal
